
Microsoft Visual Studio Solution File, Format Version 12.00
# Visual Studio Version 17
VisualStudioVersion = 17.5.002.0
MinimumVisualStudioVersion = 10.0.40219.1
Project("{9A19103F-16F7-4668-BE54-9A1E7A4F7556}") = "InventoryManagement", "InventoryManagement.csproj", "{CC682682-3587-45F3-A77A-E8FE46298588}"
EndProject
Global
	GlobalSection(SolutionConfigurationPlatforms) = preSolution
		Debug|Any CPU = Debug|Any CPU
		Release|Any CPU = Release|Any CPU
	EndGlobalSection
	GlobalSection(ProjectConfigurationPlatforms) = postSolution
		{CC682682-3587-45F3-A77A-E8FE46298588}.Debug|Any CPU.ActiveCfg = Debug|Any CPU
		{CC682682-3587-45F3-A77A-E8FE46298588}.Debug|Any CPU.Build.0 = Debug|Any CPU
		{CC682682-3587-45F3-A77A-E8FE46298588}.Release|Any CPU.ActiveCfg = Release|Any CPU
		{CC682682-3587-45F3-A77A-E8FE46298588}.Release|Any CPU.Build.0 = Release|Any CPU
	EndGlobalSection
	GlobalSection(SolutionProperties) = preSolution
		HideSolutionNode = FALSE
	EndGlobalSection
	GlobalSection(ExtensibilityGlobals) = postSolution
		SolutionGuid = {F9EBCDB6-CC30-4635-8D75-38423FDB3C70}
	EndGlobalSection
EndGlobal
